
Microsoft Visual Studio Solution File, Format Version 12.00
# Visual Studio Version 16
VisualStudioVersion = 16.0.30621.155
MinimumVisualStudioVersion = 10.0.40219.1
Project("{FAE04EC0-301F-11D3-BF4B-00C04F79EFBC}") = "Zachary-Childers-CPT-185-Lab-10-(10-4)", "Zachary-Childers-CPT-185-Lab-10-(10-4).csproj", "{AAEF4850-80D5-479B-834D-206AB4251E18}"
EndProject
Global
	GlobalSection(SolutionConfigurationPlatforms) = preSolution
		Debug|Any CPU = Debug|Any CPU
		Release|Any CPU = Release|Any CPU
	EndGlobalSection
	GlobalSection(ProjectConfigurationPlatforms) = postSolution
		{AAEF4850-80D5-479B-834D-206AB4251E18}.Debug|Any CPU.ActiveCfg = Debug|Any CPU
		{AAEF4850-80D5-479B-834D-206AB4251E18}.Debug|Any CPU.Build.0 = Debug|Any CPU
		{AAEF4850-80D5-479B-834D-206AB4251E18}.Release|Any CPU.ActiveCfg = Release|Any CPU
		{AAEF4850-80D5-479B-834D-206AB4251E18}.Release|Any CPU.Build.0 = Release|Any CPU
	EndGlobalSection
	GlobalSection(SolutionProperties) = preSolution
		HideSolutionNode = FALSE
	EndGlobalSection
	GlobalSection(ExtensibilityGlobals) = postSolution
		SolutionGuid = {9D196FA8-3ED7-43A4-BB8A-59FD55F3963A}
	EndGlobalSection
EndGlobal
